{
  "name": "windanvil-verifier",
  "version": "0.1.0",
  "lockfileVersion": 3,
  "requires": true,
  "packages": {
    "": {
      "name": "windanvil-verifier",
      "version": "0.1.0",
      "license": "Apache-2.0",
      "dependencies": {
        "windanvil-assurance-record": "git+https://github.com/mcc0nnell/windanvil-assurance-record.git#92b8c407aa41a0203bfcaadc6b6344bcce9602f8"
      },
      "bin": {
        "windanvil-verifier": "cli.js"
      },
      "engines": {
        "node": ">=20"
      }
    },
    "node_modules/windanvil-assurance-record": {
      "version": "0.1.0",
      "resolved": "git+ssh://git@github.com/mcc0nnell/windanvil-assurance-record.git#92b8c407aa41a0203bfcaadc6b6344bcce9602f8",
      "integrity": "sha512-PlQJ/O4eE0yTy2wd4JIb0rl+WPfRE/p1QZ0QleurRF70rxPz7VAdHL65eyT8kxVITL7E4YuUfcNZnoB/BPpvAw==",
      "license": "Apache-2.0",
      "engines": {
        "node": ">=20"
      }
    }
  }
}
